{
  "version": 4,
  "terraform_version": "1.9.8",
  "serial": 21,
  "lineage": "de0d6e42-8380-ff91-76ef-0be081fc58b4",
  "outputs": {},
  "resources": [
    {
      "module": "module.resources",
      "mode": "data",
      "type": "archive_file",
      "name": "vmpt_users_code_package",
      "provider": "provider[\"registry.terraform.io/hashicorp/archive\"]",
      "instances": [
        {
          "schema_version": 0,
          "attributes": {
            "exclude_symlink_directories": null,
            "excludes": null,
            "id": "559f5b9405a7d6f3871a21a9bf506b62f8d962d8",
            "output_base64sha256": "ik5aw9ciUc6ZZrFxQk1ZXOCP4MJrNR+vNKGS7vV0kq8=",
            "output_base64sha512": "3n1R/lqF0gvlOm/M6rn3l6Gz+Il1idHIgFcUEAgu8bOc3ZiFYNbC7o+NLNNcWoaaLg8UBDdgUPiS0P5G0WeCyQ==",
            "output_file_mode": null,
            "output_md5": "c0c7eff776eb27a6566234534e61aa33",
            "output_path": "./.terraform/deploy/dist.zip",
            "output_sha": "559f5b9405a7d6f3871a21a9bf506b62f8d962d8",
            "output_sha256": "8a4e5ac3d72251ce9966b171424d595ce08fe0c26b351faf34a192eef57492af",
            "output_sha512": "de7d51fe5a85d20be53a6fcceab9f797a1b3f8897589d1c880571410082ef1b39cdd988560d6c2ee8f8d2cd35c5a869a2e0f1404376050f892d0fe46d16782c9",
            "output_size": 1851,
            "source": [],
            "source_content": null,
            "source_content_filename": null,
            "source_dir": "./../../../dist",
            "source_file": null,
            "type": "zip"
          },
          "sensitive_attributes": []
        }
      ]
    },
    {
      "module": "module.resources",
      "mode": "managed",
      "type": "aws_apigatewayv2_api",
      "name": "apiGw",
      "provider": "provider[\"registry.terraform.io/hashicorp/aws\"]",
      "instances": [
        {
          "schema_version": 0,
          "attributes": {
            "api_endpoint": "https://4tr21xfh9j.execute-api.eu-west-1.amazonaws.com",
            "api_key_selection_expression": "$request.header.x-api-key",
            "arn": "arn:aws:apigateway:eu-west-1::/apis/4tr21xfh9j",
            "body": null,
            "cors_configuration": [],
            "credentials_arn": null,
            "description": "",
            "disable_execute_api_endpoint": false,
            "execution_arn": "arn:aws:execute-api:eu-west-1:779846810965:4tr21xfh9j",
            "fail_on_warnings": null,
            "id": "4tr21xfh9j",
            "name": "vmtp-users-dev-users",
            "protocol_type": "HTTP",
            "route_key": null,
            "route_selection_expression": "$request.method $request.path",
            "tags": null,
            "tags_all": {},
            "target": null,
            "version": ""
          },
          "sensitive_attributes": [],
          "private": "bnVsbA=="
        }
      ]
    },
    {
      "module": "module.resources",
      "mode": "managed",
      "type": "aws_apigatewayv2_integration",
      "name": "getUser",
      "provider": "provider[\"registry.terraform.io/hashicorp/aws\"]",
      "instances": [
        {
          "schema_version": 0,
          "attributes": {
            "api_id": "4tr21xfh9j",
            "connection_id": "",
            "connection_type": "INTERNET",
            "content_handling_strategy": "",
            "credentials_arn": "",
            "description": "",
            "id": "0beh351",
            "integration_method": "POST",
            "integration_response_selection_expression": "",
            "integration_subtype": "",
            "integration_type": "AWS_PROXY",
            "integration_uri": "arn:aws:apigateway:eu-west-1:lambda:path/2015-03-31/functions/arn:aws:lambda:eu-west-1:779846810965:function:vmtp-users-dev-getUser/invocations",
            "passthrough_behavior": "",
            "payload_format_version": "1.0",
            "request_parameters": null,
            "request_templates": null,
            "response_parameters": [],
            "template_selection_expression": "",
            "timeout_milliseconds": 30000,
            "tls_config": []
          },
          "sensitive_attributes": [],
          "private": "bnVsbA==",
          "dependencies": [
            "module.resources.aws_apigatewayv2_api.apiGw",
            "module.resources.aws_dynamodb_table.users",
            "module.resources.aws_iam_role.lambda_role",
            "module.resources.aws_lambda_function.getUser",
            "module.resources.aws_s3_bucket.deployment_bucket",
            "module.resources.aws_s3_object.vmpt_users_code_package",
            "module.resources.data.archive_file.vmpt_users_code_package"
          ]
        }
      ]
    },
    {
      "module": "module.resources",
      "mode": "managed",
      "type": "aws_apigatewayv2_integration",
      "name": "list",
      "provider": "provider[\"registry.terraform.io/hashicorp/aws\"]",
      "instances": [
        {
          "schema_version": 0,
          "attributes": {
            "api_id": "4tr21xfh9j",
            "connection_id": "",
            "connection_type": "INTERNET",
            "content_handling_strategy": "",
            "credentials_arn": "",
            "description": "",
            "id": "xtva04e",
            "integration_method": "POST",
            "integration_response_selection_expression": "",
            "integration_subtype": "",
            "integration_type": "AWS_PROXY",
            "integration_uri": "arn:aws:apigateway:eu-west-1:lambda:path/2015-03-31/functions/arn:aws:lambda:eu-west-1:779846810965:function:vmtp-users-dev-list/invocations",
            "passthrough_behavior": "",
            "payload_format_version": "1.0",
            "request_parameters": null,
            "request_templates": null,
            "response_parameters": [],
            "template_selection_expression": "",
            "timeout_milliseconds": 30000,
            "tls_config": []
          },
          "sensitive_attributes": [],
          "private": "bnVsbA==",
          "dependencies": [
            "module.resources.aws_apigatewayv2_api.apiGw",
            "module.resources.aws_dynamodb_table.users",
            "module.resources.aws_iam_role.lambda_role",
            "module.resources.aws_lambda_function.list",
            "module.resources.aws_s3_bucket.deployment_bucket",
            "module.resources.aws_s3_object.vmpt_users_code_package",
            "module.resources.data.archive_file.vmpt_users_code_package"
          ]
        }
      ]
    },
    {
      "module": "module.resources",
      "mode": "managed",
      "type": "aws_apigatewayv2_route",
      "name": "getUser",
      "provider": "provider[\"registry.terraform.io/hashicorp/aws\"]",
      "instances": [
        {
          "schema_version": 0,
          "attributes": {
            "api_id": "4tr21xfh9j",
            "api_key_required": false,
            "authorization_scopes": null,
            "authorization_type": "NONE",
            "authorizer_id": "",
            "id": "jvk0u0b",
            "model_selection_expression": "",
            "operation_name": "",
            "request_models": null,
            "request_parameter": [],
            "route_key": "GET /users/getUser",
            "route_response_selection_expression": "",
            "target": "integrations/0beh351"
          },
          "sensitive_attributes": [],
          "private": "bnVsbA==",
          "dependencies": [
            "module.resources.aws_apigatewayv2_api.apiGw",
            "module.resources.aws_apigatewayv2_integration.getUser",
            "module.resources.aws_dynamodb_table.users",
            "module.resources.aws_iam_role.lambda_role",
            "module.resources.aws_lambda_function.getUser",
            "module.resources.aws_s3_bucket.deployment_bucket",
            "module.resources.aws_s3_object.vmpt_users_code_package",
            "module.resources.data.archive_file.vmpt_users_code_package"
          ]
        }
      ]
    },
    {
      "module": "module.resources",
      "mode": "managed",
      "type": "aws_apigatewayv2_route",
      "name": "list",
      "provider": "provider[\"registry.terraform.io/hashicorp/aws\"]",
      "instances": [
        {
          "schema_version": 0,
          "attributes": {
            "api_id": "4tr21xfh9j",
            "api_key_required": false,
            "authorization_scopes": null,
            "authorization_type": "NONE",
            "authorizer_id": "",
            "id": "ccjhi7k",
            "model_selection_expression": "",
            "operation_name": "",
            "request_models": null,
            "request_parameter": [],
            "route_key": "GET /users/list",
            "route_response_selection_expression": "",
            "target": "integrations/xtva04e"
          },
          "sensitive_attributes": [],
          "private": "bnVsbA==",
          "dependencies": [
            "module.resources.aws_apigatewayv2_api.apiGw",
            "module.resources.aws_apigatewayv2_integration.list",
            "module.resources.aws_dynamodb_table.users",
            "module.resources.aws_iam_role.lambda_role",
            "module.resources.aws_lambda_function.list",
            "module.resources.aws_s3_bucket.deployment_bucket",
            "module.resources.aws_s3_object.vmpt_users_code_package",
            "module.resources.data.archive_file.vmpt_users_code_package"
          ]
        }
      ]
    },
    {
      "module": "module.resources",
      "mode": "managed",
      "type": "aws_apigatewayv2_stage",
      "name": "apiGw_stage",
      "provider": "provider[\"registry.terraform.io/hashicorp/aws\"]",
      "instances": [
        {
          "schema_version": 0,
          "attributes": {
            "access_log_settings": [
              {
                "destination_arn": "arn:aws:logs:eu-west-1:779846810965:log-group:/aws/api_gw/vmtp-users-dev-users",
                "format": "{\"httpMethod\":\"$context.httpMethod\",\"integrationErrorMessage\":\"$context.integrationErrorMessage\",\"protocol\":\"$context.protocol\",\"requestId\":\"$context.requestId\",\"requestTime\":\"$context.requestTime\",\"resourcePath\":\"$context.resourcePath\",\"responseLength\":\"$context.responseLength\",\"routeKey\":\"$context.routeKey\",\"sourceIp\":\"$context.identity.sourceIp\",\"status\":\"$context.status\"}"
              }
            ],
            "api_id": "4tr21xfh9j",
            "arn": "arn:aws:apigateway:eu-west-1::/apis/4tr21xfh9j/stages/dev",
            "auto_deploy": true,
            "client_certificate_id": "",
            "default_route_settings": [
              {
                "data_trace_enabled": false,
                "detailed_metrics_enabled": false,
                "logging_level": "",
                "throttling_burst_limit": 0,
                "throttling_rate_limit": 0
              }
            ],
            "deployment_id": "",
            "description": "",
            "execution_arn": "arn:aws:execute-api:eu-west-1:779846810965:4tr21xfh9j/dev",
            "id": "dev",
            "invoke_url": "https://4tr21xfh9j.execute-api.eu-west-1.amazonaws.com/dev",
            "name": "dev",
            "route_settings": [],
            "stage_variables": null,
            "tags": null,
            "tags_all": {}
          },
          "sensitive_attributes": [],
          "private": "bnVsbA==",
          "dependencies": [
            "module.resources.aws_apigatewayv2_api.apiGw",
            "module.resources.aws_cloudwatch_log_group.apiGw"
          ]
        }
      ]
    },
    {
      "module": "module.resources",
      "mode": "managed",
      "type": "aws_cloudwatch_log_group",
      "name": "apiGw",
      "provider": "provider[\"registry.terraform.io/hashicorp/aws\"]",
      "instances": [
        {
          "schema_version": 0,
          "attributes": {
            "arn": "arn:aws:logs:eu-west-1:779846810965:log-group:/aws/api_gw/vmtp-users-dev-users",
            "id": "/aws/api_gw/vmtp-users-dev-users",
            "kms_key_id": "",
            "log_group_class": "STANDARD",
            "name": "/aws/api_gw/vmtp-users-dev-users",
            "name_prefix": "",
            "retention_in_days": 30,
            "skip_destroy": false,
            "tags": null,
            "tags_all": {}
          },
          "sensitive_attributes": [],
          "private": "bnVsbA==",
          "dependencies": [
            "module.resources.aws_apigatewayv2_api.apiGw"
          ]
        }
      ]
    },
    {
      "module": "module.resources",
      "mode": "managed",
      "type": "aws_cloudwatch_log_group",
      "name": "getUser",
      "provider": "provider[\"registry.terraform.io/hashicorp/aws\"]",
      "instances": [
        {
          "schema_version": 0,
          "attributes": {
            "arn": "arn:aws:logs:eu-west-1:779846810965:log-group:/aws/lambda/vmtp-users-dev-getUser",
            "id": "/aws/lambda/vmtp-users-dev-getUser",
            "kms_key_id": "",
            "log_group_class": "STANDARD",
            "name": "/aws/lambda/vmtp-users-dev-getUser",
            "name_prefix": "",
            "retention_in_days": 30,
            "skip_destroy": false,
            "tags": null,
            "tags_all": {}
          },
          "sensitive_attributes": [],
          "private": "bnVsbA==",
          "dependencies": [
            "module.resources.aws_dynamodb_table.users",
            "module.resources.aws_iam_role.lambda_role",
            "module.resources.aws_lambda_function.getUser",
            "module.resources.aws_s3_bucket.deployment_bucket",
            "module.resources.aws_s3_object.vmpt_users_code_package",
            "module.resources.data.archive_file.vmpt_users_code_package"
          ]
        }
      ]
    },
    {
      "module": "module.resources",
      "mode": "managed",
      "type": "aws_cloudwatch_log_group",
      "name": "list",
      "provider": "provider[\"registry.terraform.io/hashicorp/aws\"]",
      "instances": [
        {
          "schema_version": 0,
          "attributes": {
            "arn": "arn:aws:logs:eu-west-1:779846810965:log-group:/aws/lambda/vmtp-users-dev-list",
            "id": "/aws/lambda/vmtp-users-dev-list",
            "kms_key_id": "",
            "log_group_class": "STANDARD",
            "name": "/aws/lambda/vmtp-users-dev-list",
            "name_prefix": "",
            "retention_in_days": 30,
            "skip_destroy": false,
            "tags": null,
            "tags_all": {}
          },
          "sensitive_attributes": [],
          "private": "bnVsbA==",
          "dependencies": [
            "module.resources.aws_dynamodb_table.users",
            "module.resources.aws_iam_role.lambda_role",
            "module.resources.aws_lambda_function.list",
            "module.resources.aws_s3_bucket.deployment_bucket",
            "module.resources.aws_s3_object.vmpt_users_code_package",
            "module.resources.data.archive_file.vmpt_users_code_package"
          ]
        }
      ]
    },
    {
      "module": "module.resources",
      "mode": "managed",
      "type": "aws_dynamodb_table",
      "name": "users",
      "provider": "provider[\"registry.terraform.io/hashicorp/aws\"]",
      "instances": [
        {
          "schema_version": 1,
          "attributes": {
            "arn": "arn:aws:dynamodb:eu-west-1:779846810965:table/vmtp-users-dev-users",
            "attribute": [
              {
                "name": "email",
                "type": "S"
              },
              {
                "name": "id",
                "type": "S"
              }
            ],
            "billing_mode": "PROVISIONED",
            "deletion_protection_enabled": false,
            "global_secondary_index": [],
            "hash_key": "id",
            "id": "vmtp-users-dev-users",
            "import_table": [],
            "local_secondary_index": [],
            "name": "vmtp-users-dev-users",
            "on_demand_throughput": [],
            "point_in_time_recovery": [
              {
                "enabled": false
              }
            ],
            "range_key": "email",
            "read_capacity": 10,
            "replica": [],
            "restore_date_time": null,
            "restore_source_name": null,
            "restore_source_table_arn": null,
            "restore_to_latest_time": null,
            "server_side_encryption": [],
            "stream_arn": "",
            "stream_enabled": false,
            "stream_label": "",
            "stream_view_type": "",
            "table_class": "STANDARD",
            "tags": {
              "Environment": "dev"
            },
            "tags_all": {
              "Environment": "dev"
            },
            "timeouts": null,
            "ttl": [
              {
                "attribute_name": "",
                "enabled": false
              }
            ],
            "write_capacity": 10
          },
          "sensitive_attributes": [],
          "private": "eyJlMmJmYjczMC1lY2FhLTExZTYtOGY4OC0zNDM2M2JjN2M0YzAiOnsiY3JlYXRlIjoxODAwMDAwMDAwMDAwLCJkZWxldGUiOjYwMDAwMDAwMDAwMCwidXBkYXRlIjozNjAwMDAwMDAwMDAwfSwic2NoZW1hX3ZlcnNpb24iOiIxIn0="
        }
      ]
    },
    {
      "module": "module.resources",
      "mode": "managed",
      "type": "aws_iam_role",
      "name": "lambda_role",
      "provider": "provider[\"registry.terraform.io/hashicorp/aws\"]",
      "instances": [
        {
          "schema_version": 0,
          "attributes": {
            "arn": "arn:aws:iam::779846810965:role/vmtp-users-dev-eu-west-1-lambda-role",
            "assume_role_policy": "{\"Statement\":[{\"Action\":\"sts:AssumeRole\",\"Effect\":\"Allow\",\"Principal\":{\"Service\":\"lambda.amazonaws.com\"}}],\"Version\":\"2012-10-17\"}",
            "create_date": "2024-11-30T11:20:21Z",
            "description": "",
            "force_detach_policies": false,
            "id": "vmtp-users-dev-eu-west-1-lambda-role",
            "inline_policy": [],
            "managed_policy_arns": [],
            "max_session_duration": 3600,
            "name": "vmtp-users-dev-eu-west-1-lambda-role",
            "name_prefix": "",
            "path": "/",
            "permissions_boundary": "",
            "tags": null,
            "tags_all": {},
            "unique_id": "AROA3LET57VKZ4UM47FTP"
          },
          "sensitive_attributes": [],
          "private": "bnVsbA=="
        }
      ]
    },
    {
      "module": "module.resources",
      "mode": "managed",
      "type": "aws_iam_role_policy",
      "name": "lambda_exec_policy",
      "provider": "provider[\"registry.terraform.io/hashicorp/aws\"]",
      "instances": [
        {
          "schema_version": 0,
          "attributes": {
            "id": "vmtp-users-dev-eu-west-1-lambda-role:lambda_exec_policy",
            "name": "lambda_exec_policy",
            "name_prefix": "",
            "policy": "{\"Version\":\"2012-10-17\",\"Statement\":[{\"Action\":[\"logs:CreateLogStream\",\"logs:CreateLogGroup\",\"logs:TagResource\"],\"Effect\":\"Allow\",\"Resource\":[\"arn:aws:logs:eu-west-1:779846810965:log-group:/aws/lambda/vmtp-users-dev*:*\"]},{\"Action\":[\"logs:PutLogEvents\"],\"Effect\":\"Allow\",\"Resource\":[\"arn:aws:logs:eu-west-1:779846810965:log-group:/aws/lambda/vmtp-users-dev*:*\"]},{\"Action\":[\"dynamodb:Query\",\"dynamodb:Scan\",\"dynamodb:GetItem\",\"dynamodb:PutItem\",\"dynamodb:UpdateItem\",\"dynamodb:DeleteItem\"],\"Effect\":\"Allow\",\"Resource\":[\"arn:aws:dynamodb:eu-west-1:779846810965:table/vmtp-users-dev-users\"]}]}",
            "role": "vmtp-users-dev-eu-west-1-lambda-role"
          },
          "sensitive_attributes": [],
          "private": "bnVsbA==",
          "dependencies": [
            "module.resources.aws_iam_role.lambda_role"
          ]
        }
      ]
    },
    {
      "module": "module.resources",
      "mode": "managed",
      "type": "aws_lambda_function",
      "name": "getUser",
      "provider": "provider[\"registry.terraform.io/hashicorp/aws\"]",
      "instances": [
        {
          "schema_version": 0,
          "attributes": {
            "architectures": [
              "x86_64"
            ],
            "arn": "arn:aws:lambda:eu-west-1:779846810965:function:vmtp-users-dev-getUser",
            "code_sha256": "ik5aw9ciUc6ZZrFxQk1ZXOCP4MJrNR+vNKGS7vV0kq8=",
            "code_signing_config_arn": "",
            "dead_letter_config": [],
            "description": "",
            "environment": [
              {
                "variables": {
                  "REGION": "eu-west-1",
                  "USERS_TABLE": "vmtp-users-dev-users"
                }
              }
            ],
            "ephemeral_storage": [
              {
                "size": 512
              }
            ],
            "file_system_config": [],
            "filename": null,
            "function_name": "vmtp-users-dev-getUser",
            "handler": "src/handlers.getUser",
            "id": "vmtp-users-dev-getUser",
            "image_config": [],
            "image_uri": "",
            "invoke_arn": "arn:aws:apigateway:eu-west-1:lambda:path/2015-03-31/functions/arn:aws:lambda:eu-west-1:779846810965:function:vmtp-users-dev-getUser/invocations",
            "kms_key_arn": "",
            "last_modified": "2024-11-30T11:20:35.148+0000",
            "layers": null,
            "logging_config": [
              {
                "application_log_level": "",
                "log_format": "Text",
                "log_group": "/aws/lambda/vmtp-users-dev-getUser",
                "system_log_level": ""
              }
            ],
            "memory_size": 128,
            "package_type": "Zip",
            "publish": false,
            "qualified_arn": "arn:aws:lambda:eu-west-1:779846810965:function:vmtp-users-dev-getUser:$LATEST",
            "qualified_invoke_arn": "arn:aws:apigateway:eu-west-1:lambda:path/2015-03-31/functions/arn:aws:lambda:eu-west-1:779846810965:function:vmtp-users-dev-getUser:$LATEST/invocations",
            "replace_security_groups_on_destroy": null,
            "replacement_security_group_ids": null,
            "reserved_concurrent_executions": -1,
            "role": "arn:aws:iam::779846810965:role/vmtp-users-dev-eu-west-1-lambda-role",
            "runtime": "nodejs20.x",
            "s3_bucket": "vmtp-users-deplyment-bucket-dev-eu-west-1",
            "s3_key": "dist.zip",
            "s3_object_version": null,
            "signing_job_arn": "",
            "signing_profile_version_arn": "",
            "skip_destroy": false,
            "snap_start": [],
            "source_code_hash": "ik5aw9ciUc6ZZrFxQk1ZXOCP4MJrNR+vNKGS7vV0kq8=",
            "source_code_size": 1851,
            "tags": null,
            "tags_all": {},
            "timeout": 3,
            "timeouts": null,
            "tracing_config": [
              {
                "mode": "PassThrough"
              }
            ],
            "version": "$LATEST",
            "vpc_config": []
          },
          "sensitive_attributes": [],
          "private": "eyJlMmJmYjczMC1lY2FhLTExZTYtOGY4OC0zNDM2M2JjN2M0YzAiOnsiY3JlYXRlIjo2MDAwMDAwMDAwMDAsImRlbGV0ZSI6NjAwMDAwMDAwMDAwLCJ1cGRhdGUiOjYwMDAwMDAwMDAwMH19",
          "dependencies": [
            "module.resources.aws_dynamodb_table.users",
            "module.resources.aws_iam_role.lambda_role",
            "module.resources.aws_s3_bucket.deployment_bucket",
            "module.resources.aws_s3_object.vmpt_users_code_package",
            "module.resources.data.archive_file.vmpt_users_code_package"
          ]
        }
      ]
    },
    {
      "module": "module.resources",
      "mode": "managed",
      "type": "aws_lambda_function",
      "name": "list",
      "provider": "provider[\"registry.terraform.io/hashicorp/aws\"]",
      "instances": [
        {
          "schema_version": 0,
          "attributes": {
            "architectures": [
              "x86_64"
            ],
            "arn": "arn:aws:lambda:eu-west-1:779846810965:function:vmtp-users-dev-list",
            "code_sha256": "ik5aw9ciUc6ZZrFxQk1ZXOCP4MJrNR+vNKGS7vV0kq8=",
            "code_signing_config_arn": "",
            "dead_letter_config": [],
            "description": "",
            "environment": [
              {
                "variables": {
                  "REGION": "eu-west-1",
                  "USERS_TABLE": "vmtp-users-dev-users"
                }
              }
            ],
            "ephemeral_storage": [
              {
                "size": 512
              }
            ],
            "file_system_config": [],
            "filename": null,
            "function_name": "vmtp-users-dev-list",
            "handler": "src/handlers.listUsers",
            "id": "vmtp-users-dev-list",
            "image_config": [],
            "image_uri": "",
            "invoke_arn": "arn:aws:apigateway:eu-west-1:lambda:path/2015-03-31/functions/arn:aws:lambda:eu-west-1:779846810965:function:vmtp-users-dev-list/invocations",
            "kms_key_arn": "",
            "last_modified": "2024-11-30T11:20:35.233+0000",
            "layers": null,
            "logging_config": [
              {
                "application_log_level": "",
                "log_format": "Text",
                "log_group": "/aws/lambda/vmtp-users-dev-list",
                "system_log_level": ""
              }
            ],
            "memory_size": 128,
            "package_type": "Zip",
            "publish": false,
            "qualified_arn": "arn:aws:lambda:eu-west-1:779846810965:function:vmtp-users-dev-list:$LATEST",
            "qualified_invoke_arn": "arn:aws:apigateway:eu-west-1:lambda:path/2015-03-31/functions/arn:aws:lambda:eu-west-1:779846810965:function:vmtp-users-dev-list:$LATEST/invocations",
            "replace_security_groups_on_destroy": null,
            "replacement_security_group_ids": null,
            "reserved_concurrent_executions": -1,
            "role": "arn:aws:iam::779846810965:role/vmtp-users-dev-eu-west-1-lambda-role",
            "runtime": "nodejs20.x",
            "s3_bucket": "vmtp-users-deplyment-bucket-dev-eu-west-1",
            "s3_key": "dist.zip",
            "s3_object_version": null,
            "signing_job_arn": "",
            "signing_profile_version_arn": "",
            "skip_destroy": false,
            "snap_start": [],
            "source_code_hash": "ik5aw9ciUc6ZZrFxQk1ZXOCP4MJrNR+vNKGS7vV0kq8=",
            "source_code_size": 1851,
            "tags": null,
            "tags_all": {},
            "timeout": 3,
            "timeouts": null,
            "tracing_config": [
              {
                "mode": "PassThrough"
              }
            ],
            "version": "$LATEST",
            "vpc_config": []
          },
          "sensitive_attributes": [],
          "private": "eyJlMmJmYjczMC1lY2FhLTExZTYtOGY4OC0zNDM2M2JjN2M0YzAiOnsiY3JlYXRlIjo2MDAwMDAwMDAwMDAsImRlbGV0ZSI6NjAwMDAwMDAwMDAwLCJ1cGRhdGUiOjYwMDAwMDAwMDAwMH19",
          "dependencies": [
            "module.resources.aws_dynamodb_table.users",
            "module.resources.aws_iam_role.lambda_role",
            "module.resources.aws_s3_bucket.deployment_bucket",
            "module.resources.aws_s3_object.vmpt_users_code_package",
            "module.resources.data.archive_file.vmpt_users_code_package"
          ]
        }
      ]
    },
    {
      "module": "module.resources",
      "mode": "managed",
      "type": "aws_lambda_permission",
      "name": "apiGw_getUser",
      "provider": "provider[\"registry.terraform.io/hashicorp/aws\"]",
      "instances": [
        {
          "schema_version": 0,
          "attributes": {
            "action": "lambda:InvokeFunction",
            "event_source_token": null,
            "function_name": "vmtp-users-dev-getUser",
            "function_url_auth_type": null,
            "id": "AllowExecutionFromAPIGateway",
            "principal": "apigateway.amazonaws.com",
            "principal_org_id": null,
            "qualifier": "",
            "source_account": null,
            "source_arn": "arn:aws:execute-api:eu-west-1:779846810965:4tr21xfh9j/*/*",
            "statement_id": "AllowExecutionFromAPIGateway",
            "statement_id_prefix": ""
          },
          "sensitive_attributes": [],
          "private": "bnVsbA==",
          "dependencies": [
            "module.resources.aws_apigatewayv2_api.apiGw",
            "module.resources.aws_dynamodb_table.users",
            "module.resources.aws_iam_role.lambda_role",
            "module.resources.aws_lambda_function.getUser",
            "module.resources.aws_s3_bucket.deployment_bucket",
            "module.resources.aws_s3_object.vmpt_users_code_package",
            "module.resources.data.archive_file.vmpt_users_code_package"
          ]
        }
      ]
    },
    {
      "module": "module.resources",
      "mode": "managed",
      "type": "aws_lambda_permission",
      "name": "apiGw_list",
      "provider": "provider[\"registry.terraform.io/hashicorp/aws\"]",
      "instances": [
        {
          "schema_version": 0,
          "attributes": {
            "action": "lambda:InvokeFunction",
            "event_source_token": null,
            "function_name": "vmtp-users-dev-list",
            "function_url_auth_type": null,
            "id": "AllowExecutionFromAPIGateway",
            "principal": "apigateway.amazonaws.com",
            "principal_org_id": null,
            "qualifier": "",
            "source_account": null,
            "source_arn": "arn:aws:execute-api:eu-west-1:779846810965:4tr21xfh9j/*/*",
            "statement_id": "AllowExecutionFromAPIGateway",
            "statement_id_prefix": ""
          },
          "sensitive_attributes": [],
          "private": "bnVsbA==",
          "dependencies": [
            "module.resources.aws_apigatewayv2_api.apiGw",
            "module.resources.aws_dynamodb_table.users",
            "module.resources.aws_iam_role.lambda_role",
            "module.resources.aws_lambda_function.list",
            "module.resources.aws_s3_bucket.deployment_bucket",
            "module.resources.aws_s3_object.vmpt_users_code_package",
            "module.resources.data.archive_file.vmpt_users_code_package"
          ]
        }
      ]
    },
    {
      "module": "module.resources",
      "mode": "managed",
      "type": "aws_s3_bucket",
      "name": "deployment_bucket",
      "provider": "provider[\"registry.terraform.io/hashicorp/aws\"]",
      "instances": [
        {
          "schema_version": 0,
          "attributes": {
            "acceleration_status": "",
            "acl": null,
            "arn": "arn:aws:s3:::vmtp-users-deplyment-bucket-dev-eu-west-1",
            "bucket": "vmtp-users-deplyment-bucket-dev-eu-west-1",
            "bucket_domain_name": "vmtp-users-deplyment-bucket-dev-eu-west-1.s3.amazonaws.com",
            "bucket_prefix": "",
            "bucket_regional_domain_name": "vmtp-users-deplyment-bucket-dev-eu-west-1.s3.eu-west-1.amazonaws.com",
            "cors_rule": [],
            "force_destroy": false,
            "grant": [
              {
                "id": "da8bac845a5c6f18a0481b3bf8d2e9d71b2fa850f19f79a3b9db37fe75355623",
                "permissions": [
                  "FULL_CONTROL"
                ],
                "type": "CanonicalUser",
                "uri": ""
              }
            ],
            "hosted_zone_id": "Z1BKCTXD74EZPE",
            "id": "vmtp-users-deplyment-bucket-dev-eu-west-1",
            "lifecycle_rule": [],
            "logging": [],
            "object_lock_configuration": [],
            "object_lock_enabled": false,
            "policy": "",
            "region": "eu-west-1",
            "replication_configuration": [],
            "request_payer": "BucketOwner",
            "server_side_encryption_configuration": [
              {
                "rule": [
                  {
                    "apply_server_side_encryption_by_default": [
                      {
                        "kms_master_key_id": "",
                        "sse_algorithm": "AES256"
                      }
                    ],
                    "bucket_key_enabled": false
                  }
                ]
              }
            ],
            "tags": {
              "Environment": "dev"
            },
            "tags_all": {
              "Environment": "dev"
            },
            "timeouts": null,
            "versioning": [
              {
                "enabled": false,
                "mfa_delete": false
              }
            ],
            "website": [],
            "website_domain": null,
            "website_endpoint": null
          },
          "sensitive_attributes": [],
          "private": "eyJlMmJmYjczMC1lY2FhLTExZTYtOGY4OC0zNDM2M2JjN2M0YzAiOnsiY3JlYXRlIjoxMjAwMDAwMDAwMDAwLCJkZWxldGUiOjM2MDAwMDAwMDAwMDAsInJlYWQiOjEyMDAwMDAwMDAwMDAsInVwZGF0ZSI6MTIwMDAwMDAwMDAwMH19"
        }
      ]
    },
    {
      "module": "module.resources",
      "mode": "managed",
      "type": "aws_s3_bucket_lifecycle_configuration",
      "name": "deployment_bucket",
      "provider": "provider[\"registry.terraform.io/hashicorp/aws\"]",
      "instances": [
        {
          "schema_version": 0,
          "attributes": {
            "bucket": "vmtp-users-deplyment-bucket-dev-eu-west-1",
            "expected_bucket_owner": "",
            "id": "vmtp-users-deplyment-bucket-dev-eu-west-1",
            "rule": [
              {
                "abort_incomplete_multipart_upload": [],
                "expiration": [
                  {
                    "date": "",
                    "days": 90,
                    "expired_object_delete_marker": false
                  }
                ],
                "filter": [
                  {
                    "and": [],
                    "object_size_greater_than": "",
                    "object_size_less_than": "",
                    "prefix": "",
                    "tag": []
                  }
                ],
                "id": "rule-1",
                "noncurrent_version_expiration": [],
                "noncurrent_version_transition": [],
                "prefix": "",
                "status": "Enabled",
                "transition": []
              }
            ],
            "timeouts": null,
            "transition_default_minimum_object_size": "all_storage_classes_128K"
          },
          "sensitive_attributes": [],
          "private": "eyJlMmJmYjczMC1lY2FhLTExZTYtOGY4OC0zNDM2M2JjN2M0YzAiOnsiY3JlYXRlIjoxODAwMDAwMDAwMDAsInVwZGF0ZSI6MTgwMDAwMDAwMDAwfX0=",
          "dependencies": [
            "module.resources.aws_s3_bucket.deployment_bucket"
          ]
        }
      ]
    },
    {
      "module": "module.resources",
      "mode": "managed",
      "type": "aws_s3_bucket_ownership_controls",
      "name": "deployment_bucket",
      "provider": "provider[\"registry.terraform.io/hashicorp/aws\"]",
      "instances": [
        {
          "schema_version": 0,
          "attributes": {
            "bucket": "vmtp-users-deplyment-bucket-dev-eu-west-1",
            "id": "vmtp-users-deplyment-bucket-dev-eu-west-1",
            "rule": [
              {
                "object_ownership": "BucketOwnerPreferred"
              }
            ]
          },
          "sensitive_attributes": [],
          "private": "bnVsbA==",
          "dependencies": [
            "module.resources.aws_s3_bucket.deployment_bucket"
          ]
        }
      ]
    },
    {
      "module": "module.resources",
      "mode": "managed",
      "type": "aws_s3_object",
      "name": "vmpt_users_code_package",
      "provider": "provider[\"registry.terraform.io/hashicorp/aws\"]",
      "instances": [
        {
          "schema_version": 0,
          "attributes": {
            "acl": null,
            "arn": "arn:aws:s3:::vmtp-users-deplyment-bucket-dev-eu-west-1/dist.zip",
            "bucket": "vmtp-users-deplyment-bucket-dev-eu-west-1",
            "bucket_key_enabled": false,
            "cache_control": "",
            "checksum_algorithm": null,
            "checksum_crc32": "",
            "checksum_crc32c": "",
            "checksum_sha1": "",
            "checksum_sha256": "",
            "content": null,
            "content_base64": null,
            "content_disposition": "",
            "content_encoding": "",
            "content_language": "",
            "content_type": "application/octet-stream",
            "etag": "c0c7eff776eb27a6566234534e61aa33",
            "force_destroy": false,
            "id": "dist.zip",
            "key": "dist.zip",
            "kms_key_id": null,
            "metadata": null,
            "object_lock_legal_hold_status": "",
            "object_lock_mode": "",
            "object_lock_retain_until_date": "",
            "override_provider": [],
            "server_side_encryption": "AES256",
            "source": "./.terraform/deploy/dist.zip",
            "source_hash": null,
            "storage_class": "STANDARD",
            "tags": null,
            "tags_all": {},
            "version_id": "",
            "website_redirect": ""
          },
          "sensitive_attributes": [],
          "private": "bnVsbA==",
          "dependencies": [
            "module.resources.aws_s3_bucket.deployment_bucket",
            "module.resources.data.archive_file.vmpt_users_code_package"
          ]
        }
      ]
    }
  ],
  "check_results": null
}
